
Microsoft Visual Studio Solution File, Format Version 12.00
# Visual Studio Version 16
VisualStudioVersion = 25.0.1705.4
MinimumVisualStudioVersion = 10.0.40219.1
Project("{FAE04EC0-301F-11D3-BF4B-00C04F79EFBC}") = "globotickets", "globotickets\globotickets.csproj", "{E2AA5D68-EC7F-4249-A47A-A2C132DE969E}"
EndProject
Global
	GlobalSection(SolutionConfigurationPlatforms) = preSolution
		Debug|Any CPU = Debug|Any CPU
		Release|Any CPU = Release|Any CPU
	EndGlobalSection
	GlobalSection(ProjectConfigurationPlatforms) = postSolution
		{E2AA5D68-EC7F-4249-A47A-A2C132DE969E}.Debug|Any CPU.ActiveCfg = Debug|Any CPU
		{E2AA5D68-EC7F-4249-A47A-A2C132DE969E}.Debug|Any CPU.Build.0 = Debug|Any CPU
		{E2AA5D68-EC7F-4249-A47A-A2C132DE969E}.Release|Any CPU.ActiveCfg = Release|Any CPU
		{E2AA5D68-EC7F-4249-A47A-A2C132DE969E}.Release|Any CPU.Build.0 = Release|Any CPU
	EndGlobalSection
	GlobalSection(SolutionProperties) = preSolution
		HideSolutionNode = FALSE
	EndGlobalSection
	GlobalSection(ExtensibilityGlobals) = postSolution
		SolutionGuid = {B7C53529-2404-4CB8-BDCD-3AFC0CD101B6}
	EndGlobalSection
EndGlobal
